# THIS IS AN AUTOGENERATED FILE. DO NOT EDIT THIS FILE DIRECTLY.
# yarn lockfile v1


"@tauri-apps/api@2.0.0-beta.2":
  version "2.0.0-beta.2"
  resolved "https://registry.npmmirror.com/@tauri-apps/api/-/api-2.0.0-beta.2.tgz#adec036f5ece03b88f59fdb7fa18e315c77d0738"
  integrity sha512-4r1r6kgttzIWxJ3HxkZQH+b7EiUtKhdUCPbi0KSalD+2T3j6klw+v8VyxhKwEdjM/eo60NE+J33v1E/Urq8puw==
